
Microsoft Visual Studio Solution File, Format Version 12.00
# Visual Studio Version 17
VisualStudioVersion = 17.0.31903.59
MinimumVisualStudioVersion = 10.0.40219.1
Project("{2150E333-8FDC-42A3-9474-1A3956D46DE8}") = "src", "src", "{C04FAD51-BAB3-4D55-BFBA-0DE03D273D06}"
EndProject
Project("{FAE04EC0-301F-11D3-BF4B-00C04F79EFBC}") = "Nhtsa.SDK.Clients", "src\Nhtsa.SDK.Clients\Nhtsa.SDK.Clients.csproj", "{BC33F6FB-B6FB-4856-8885-CE6DDA725E14}"
EndProject
Project("{2150E333-8FDC-42A3-9474-1A3956D46DE8}") = "tests", "tests", "{24FB9329-C16D-4067-B420-D439D9D8CC49}"
EndProject
Project("{FAE04EC0-301F-11D3-BF4B-00C04F79EFBC}") = "Nhtsa.SDK.Tests", "tests\Nhtsa.SDK.Tests\Nhtsa.SDK.Tests.csproj", "{27478004-F3EE-4190-9223-3C7C9EFE0446}"
EndProject
Global
	GlobalSection(SolutionConfigurationPlatforms) = preSolution
		Debug|Any CPU = Debug|Any CPU
		Release|Any CPU = Release|Any CPU
	EndGlobalSection
	GlobalSection(SolutionProperties) = preSolution
		HideSolutionNode = FALSE
	EndGlobalSection
	GlobalSection(ProjectConfigurationPlatforms) = postSolution
		{BC33F6FB-B6FB-4856-8885-CE6DDA725E14}.Debug|Any CPU.ActiveCfg = Debug|Any CPU
		{BC33F6FB-B6FB-4856-8885-CE6DDA725E14}.Debug|Any CPU.Build.0 = Debug|Any CPU
		{BC33F6FB-B6FB-4856-8885-CE6DDA725E14}.Release|Any CPU.ActiveCfg = Release|Any CPU
		{BC33F6FB-B6FB-4856-8885-CE6DDA725E14}.Release|Any CPU.Build.0 = Release|Any CPU
		{27478004-F3EE-4190-9223-3C7C9EFE0446}.Debug|Any CPU.ActiveCfg = Debug|Any CPU
		{27478004-F3EE-4190-9223-3C7C9EFE0446}.Debug|Any CPU.Build.0 = Debug|Any CPU
		{27478004-F3EE-4190-9223-3C7C9EFE0446}.Release|Any CPU.ActiveCfg = Release|Any CPU
		{27478004-F3EE-4190-9223-3C7C9EFE0446}.Release|Any CPU.Build.0 = Release|Any CPU
	EndGlobalSection
	GlobalSection(NestedProjects) = preSolution
		{BC33F6FB-B6FB-4856-8885-CE6DDA725E14} = {C04FAD51-BAB3-4D55-BFBA-0DE03D273D06}
		{27478004-F3EE-4190-9223-3C7C9EFE0446} = {24FB9329-C16D-4067-B420-D439D9D8CC49}
	EndGlobalSection
EndGlobal
